
Microsoft Visual Studio Solution File, Format Version 12.00
# Visual Studio Version 17
VisualStudioVersion = 17.11.35312.102
MinimumVisualStudioVersion = 10.0.40219.1
Project("{2150E333-8FDC-42A3-9474-1A3956D46DE8}") = "src", "src", "{177BA4F7-AE2C-47A2-98CB-20185EF32322}"
EndProject
Project("{2150E333-8FDC-42A3-9474-1A3956D46DE8}") = "Catalog", "Catalog", "{9B15B574-D951-4869-AD14-3FDAED645FC8}"
EndProject
Project("{9A19103F-16F7-4668-BE54-9A1E7A4F7556}") = "Catalog.API", "src\Catalog\Catalog.API\Catalog.API.csproj", "{63E44689-9641-4685-8182-872C9F91BCF4}"
EndProject
Project("{9A19103F-16F7-4668-BE54-9A1E7A4F7556}") = "Catalog.Domain", "src\Catalog\Catalog.Domain\Catalog.Domain.csproj", "{0D9A4138-3B70-410B-8954-B2CB4778C54F}"
EndProject
Project("{9A19103F-16F7-4668-BE54-9A1E7A4F7556}") = "Catalog.Application", "src\Catalog\Catalog.Application\Catalog.Application.csproj", "{B3A9670D-9163-41E0-96A4-59EB33D7CA24}"
EndProject
Project("{9A19103F-16F7-4668-BE54-9A1E7A4F7556}") = "Catalog.Infrastructure", "src\Catalog\Catalog.Infrastructure\Catalog.Infrastructure.csproj", "{506620E4-99DF-478D-A2B4-6A8C9B30C73D}"
EndProject
Project("{2150E333-8FDC-42A3-9474-1A3956D46DE8}") = "Ordering", "Ordering", "{DE2C9CFD-C697-44E6-B83B-35937ABA5451}"
EndProject
Project("{9A19103F-16F7-4668-BE54-9A1E7A4F7556}") = "Ordering.Domain", "src\Ordering\Ordering.Domain\Ordering.Domain.csproj", "{452D89D8-DBAD-46BC-8A1E-30DDB4345327}"
EndProject
Project("{9A19103F-16F7-4668-BE54-9A1E7A4F7556}") = "Ordering.Infrastructure", "src\Ordering\Ordering.Infrastructure\Ordering.Infrastructure.csproj", "{EF91179C-E826-446F-B16A-5F4DE37955D1}"
EndProject
Project("{9A19103F-16F7-4668-BE54-9A1E7A4F7556}") = "Ordering.Application", "src\Ordering\Ordering.Application\Ordering.Application.csproj", "{F2B955C7-0BDC-4758-B79F-8B132CFF5995}"
EndProject
Project("{9A19103F-16F7-4668-BE54-9A1E7A4F7556}") = "Ordering.API", "src\Ordering\Ordering.API\Ordering.API.csproj", "{E7BDE8F9-54A7-49FF-9281-0FC697ABE889}"
EndProject
Project("{2150E333-8FDC-42A3-9474-1A3956D46DE8}") = "Cart", "Cart", "{BF1E2205-CFA4-414B-9A79-C48EFCBCA106}"
EndProject
Project("{9A19103F-16F7-4668-BE54-9A1E7A4F7556}") = "Cart.API", "src\Cart\Cart.API\Cart.API.csproj", "{B35FCEEA-5363-4CBE-8E14-91E2A066C8C7}"
EndProject
Project("{9A19103F-16F7-4668-BE54-9A1E7A4F7556}") = "Cart.Domain", "src\Cart\Cart.Domain\Cart.Domain.csproj", "{8730D311-34FD-439D-B582-E54BD900CFC9}"
EndProject
Project("{9A19103F-16F7-4668-BE54-9A1E7A4F7556}") = "Cart.Application", "src\Cart\Cart.Application\Cart.Application.csproj", "{2A157567-6CF4-43C8-857B-7925594CBAD8}"
EndProject
Project("{9A19103F-16F7-4668-BE54-9A1E7A4F7556}") = "Cart.Infrastructure", "src\Cart\Cart.Infrastructure\Cart.Infrastructure.csproj", "{9210CEBE-4C56-408B-8445-1E5C273A066D}"
EndProject
Project("{2150E333-8FDC-42A3-9474-1A3956D46DE8}") = "Payment", "Payment", "{B1D7D342-927D-48E1-977A-6C6F0811A52A}"
EndProject
Project("{9A19103F-16F7-4668-BE54-9A1E7A4F7556}") = "Payment.Processor", "src\Payment\Payment.Processor\Payment.Processor.csproj", "{205C12DB-EAB6-43A7-887D-D8CF4357AFA9}"
EndProject
Project("{2150E333-8FDC-42A3-9474-1A3956D46DE8}") = "SharedKernel", "SharedKernel", "{B95A339E-E066-4037-9269-CC7FD7D5F41F}"
EndProject
Project("{E53339B2-1760-4266-BCC7-CA923CBCF16C}") = "docker-compose", "docker-compose.dcproj", "{3FDCEF08-AFA5-43B4-901A-6EFEE3C7B17D}"
EndProject
Project("{FAE04EC0-301F-11D3-BF4B-00C04F79EFBC}") = "ApiGateway", "src\ApiGateway\ApiGateway.csproj", "{1F97033F-FE8A-4BE3-82CC-B1E901A97ABA}"
EndProject
Project("{2150E333-8FDC-42A3-9474-1A3956D46DE8}") = "Identity", "Identity", "{27C44504-B448-4BA8-AC2F-FFB1D95515EF}"
EndProject
Project("{FAE04EC0-301F-11D3-BF4B-00C04F79EFBC}") = "Identity.Domain", "src\Identity\Identity.Domain\Identity.Domain.csproj", "{BCA4C659-EB4D-4098-A063-B3B09244278B}"
EndProject
Project("{FAE04EC0-301F-11D3-BF4B-00C04F79EFBC}") = "Identity.Application", "src\Identity\Identity.Application\Identity.Application.csproj", "{7204942E-AE09-497E-8AF4-773F632446C7}"
EndProject
Project("{FAE04EC0-301F-11D3-BF4B-00C04F79EFBC}") = "Identity.Infrastructure", "src\Identity\Identity.Infrastructure\Identity.Infrastructure.csproj", "{73B52271-E05C-4485-9555-998D73D4E0F2}"
EndProject
Project("{FAE04EC0-301F-11D3-BF4B-00C04F79EFBC}") = "Identity.API", "src\Identity\Identity.API\Identity.API.csproj", "{858C6FBC-76DE-4B4B-9860-DD7927B5AA8A}"
EndProject
Project("{2150E333-8FDC-42A3-9474-1A3956D46DE8}") = "tests", "tests", "{6C47C3C5-D49F-4541-B7E4-33109656F855}"
EndProject
Project("{2150E333-8FDC-42A3-9474-1A3956D46DE8}") = "Cart", "Cart", "{9A3A2B2C-4C7C-4E47-AAB6-6FB14A9462E9}"
EndProject
Project("{2150E333-8FDC-42A3-9474-1A3956D46DE8}") = "Catalog", "Catalog", "{8DD4AF78-8A7A-40F5-8CE6-D63930D3511C}"
EndProject
Project("{2150E333-8FDC-42A3-9474-1A3956D46DE8}") = "Ordering", "Ordering", "{2CD43842-2845-497C-8318-97DFF208C3E3}"
EndProject
Project("{2150E333-8FDC-42A3-9474-1A3956D46DE8}") = "Identity", "Identity", "{AA0B5E2B-534D-4E36-914A-E47E5095D760}"
EndProject
Project("{2150E333-8FDC-42A3-9474-1A3956D46DE8}") = "Payment", "Payment", "{EC2020B6-F129-438D-A1CB-4F9A4D1C581F}"
EndProject
Project("{FAE04EC0-301F-11D3-BF4B-00C04F79EFBC}") = "Catalog.Domain.UnitTests", "tests\Catalog\Catalog.Domain.UnitTests\Catalog.Domain.UnitTests.csproj", "{58F33BBA-DDF3-4CA0-A9F8-186D503E386A}"
EndProject
Project("{FAE04EC0-301F-11D3-BF4B-00C04F79EFBC}") = "Catalog.Application.UnitTests", "tests\Catalog\Catalog.Application.UnitTests\Catalog.Application.UnitTests.csproj", "{28803696-AD95-4EEF-A319-6439D9F2497F}"
EndProject
Project("{FAE04EC0-301F-11D3-BF4B-00C04F79EFBC}") = "SharedKernel", "src\SharedKernel\SharedKernel.csproj", "{B90BFC47-1361-4E8E-8EC2-B140D08B8570}"
EndProject
Project("{2150E333-8FDC-42A3-9474-1A3956D46DE8}") = "Solution Items", "Solution Items", "{A87374C1-CEF8-464A-954F-6F8E66312E1C}"
	ProjectSection(SolutionItems) = preProject
		.editorconfig = .editorconfig
		Directory.Build.Props = Directory.Build.Props
	EndProjectSection
EndProject
Global
	GlobalSection(SolutionConfigurationPlatforms) = preSolution
		Debug|Any CPU = Debug|Any CPU
		Release|Any CPU = Release|Any CPU
	EndGlobalSection
	GlobalSection(ProjectConfigurationPlatforms) = postSolution
		{63E44689-9641-4685-8182-872C9F91BCF4}.Debug|Any CPU.ActiveCfg = Debug|Any CPU
		{63E44689-9641-4685-8182-872C9F91BCF4}.Debug|Any CPU.Build.0 = Debug|Any CPU
		{63E44689-9641-4685-8182-872C9F91BCF4}.Release|Any CPU.ActiveCfg = Release|Any CPU
		{63E44689-9641-4685-8182-872C9F91BCF4}.Release|Any CPU.Build.0 = Release|Any CPU
		{0D9A4138-3B70-410B-8954-B2CB4778C54F}.Debug|Any CPU.ActiveCfg = Debug|Any CPU
		{0D9A4138-3B70-410B-8954-B2CB4778C54F}.Debug|Any CPU.Build.0 = Debug|Any CPU
		{0D9A4138-3B70-410B-8954-B2CB4778C54F}.Release|Any CPU.ActiveCfg = Release|Any CPU
		{0D9A4138-3B70-410B-8954-B2CB4778C54F}.Release|Any CPU.Build.0 = Release|Any CPU
		{B3A9670D-9163-41E0-96A4-59EB33D7CA24}.Debug|Any CPU.ActiveCfg = Debug|Any CPU
		{B3A9670D-9163-41E0-96A4-59EB33D7CA24}.Debug|Any CPU.Build.0 = Debug|Any CPU
		{B3A9670D-9163-41E0-96A4-59EB33D7CA24}.Release|Any CPU.ActiveCfg = Release|Any CPU
		{B3A9670D-9163-41E0-96A4-59EB33D7CA24}.Release|Any CPU.Build.0 = Release|Any CPU
		{506620E4-99DF-478D-A2B4-6A8C9B30C73D}.Debug|Any CPU.ActiveCfg = Debug|Any CPU
		{506620E4-99DF-478D-A2B4-6A8C9B30C73D}.Debug|Any CPU.Build.0 = Debug|Any CPU
		{506620E4-99DF-478D-A2B4-6A8C9B30C73D}.Release|Any CPU.ActiveCfg = Release|Any CPU
		{506620E4-99DF-478D-A2B4-6A8C9B30C73D}.Release|Any CPU.Build.0 = Release|Any CPU
		{452D89D8-DBAD-46BC-8A1E-30DDB4345327}.Debug|Any CPU.ActiveCfg = Debug|Any CPU
		{452D89D8-DBAD-46BC-8A1E-30DDB4345327}.Debug|Any CPU.Build.0 = Debug|Any CPU
		{452D89D8-DBAD-46BC-8A1E-30DDB4345327}.Release|Any CPU.ActiveCfg = Release|Any CPU
		{452D89D8-DBAD-46BC-8A1E-30DDB4345327}.Release|Any CPU.Build.0 = Release|Any CPU
		{EF91179C-E826-446F-B16A-5F4DE37955D1}.Debug|Any CPU.ActiveCfg = Debug|Any CPU
		{EF91179C-E826-446F-B16A-5F4DE37955D1}.Debug|Any CPU.Build.0 = Debug|Any CPU
		{EF91179C-E826-446F-B16A-5F4DE37955D1}.Release|Any CPU.ActiveCfg = Release|Any CPU
		{EF91179C-E826-446F-B16A-5F4DE37955D1}.Release|Any CPU.Build.0 = Release|Any CPU
		{F2B955C7-0BDC-4758-B79F-8B132CFF5995}.Debug|Any CPU.ActiveCfg = Debug|Any CPU
		{F2B955C7-0BDC-4758-B79F-8B132CFF5995}.Debug|Any CPU.Build.0 = Debug|Any CPU
		{F2B955C7-0BDC-4758-B79F-8B132CFF5995}.Release|Any CPU.ActiveCfg = Release|Any CPU
		{F2B955C7-0BDC-4758-B79F-8B132CFF5995}.Release|Any CPU.Build.0 = Release|Any CPU
		{E7BDE8F9-54A7-49FF-9281-0FC697ABE889}.Debug|Any CPU.ActiveCfg = Debug|Any CPU
		{E7BDE8F9-54A7-49FF-9281-0FC697ABE889}.Debug|Any CPU.Build.0 = Debug|Any CPU
		{E7BDE8F9-54A7-49FF-9281-0FC697ABE889}.Release|Any CPU.ActiveCfg = Release|Any CPU
		{E7BDE8F9-54A7-49FF-9281-0FC697ABE889}.Release|Any CPU.Build.0 = Release|Any CPU
		{B35FCEEA-5363-4CBE-8E14-91E2A066C8C7}.Debug|Any CPU.ActiveCfg = Debug|Any CPU
		{B35FCEEA-5363-4CBE-8E14-91E2A066C8C7}.Debug|Any CPU.Build.0 = Debug|Any CPU
		{B35FCEEA-5363-4CBE-8E14-91E2A066C8C7}.Release|Any CPU.ActiveCfg = Release|Any CPU
		{B35FCEEA-5363-4CBE-8E14-91E2A066C8C7}.Release|Any CPU.Build.0 = Release|Any CPU
		{8730D311-34FD-439D-B582-E54BD900CFC9}.Debug|Any CPU.ActiveCfg = Debug|Any CPU
		{8730D311-34FD-439D-B582-E54BD900CFC9}.Debug|Any CPU.Build.0 = Debug|Any CPU
		{8730D311-34FD-439D-B582-E54BD900CFC9}.Release|Any CPU.ActiveCfg = Release|Any CPU
		{8730D311-34FD-439D-B582-E54BD900CFC9}.Release|Any CPU.Build.0 = Release|Any CPU
		{2A157567-6CF4-43C8-857B-7925594CBAD8}.Debug|Any CPU.ActiveCfg = Debug|Any CPU
		{2A157567-6CF4-43C8-857B-7925594CBAD8}.Debug|Any CPU.Build.0 = Debug|Any CPU
		{2A157567-6CF4-43C8-857B-7925594CBAD8}.Release|Any CPU.ActiveCfg = Release|Any CPU
		{2A157567-6CF4-43C8-857B-7925594CBAD8}.Release|Any CPU.Build.0 = Release|Any CPU
		{9210CEBE-4C56-408B-8445-1E5C273A066D}.Debug|Any CPU.ActiveCfg = Debug|Any CPU
		{9210CEBE-4C56-408B-8445-1E5C273A066D}.Debug|Any CPU.Build.0 = Debug|Any CPU
		{9210CEBE-4C56-408B-8445-1E5C273A066D}.Release|Any CPU.ActiveCfg = Release|Any CPU
		{9210CEBE-4C56-408B-8445-1E5C273A066D}.Release|Any CPU.Build.0 = Release|Any CPU
		{205C12DB-EAB6-43A7-887D-D8CF4357AFA9}.Debug|Any CPU.ActiveCfg = Debug|Any CPU
		{205C12DB-EAB6-43A7-887D-D8CF4357AFA9}.Debug|Any CPU.Build.0 = Debug|Any CPU
		{205C12DB-EAB6-43A7-887D-D8CF4357AFA9}.Release|Any CPU.ActiveCfg = Release|Any CPU
		{205C12DB-EAB6-43A7-887D-D8CF4357AFA9}.Release|Any CPU.Build.0 = Release|Any CPU
		{3FDCEF08-AFA5-43B4-901A-6EFEE3C7B17D}.Debug|Any CPU.ActiveCfg = Debug|Any CPU
		{3FDCEF08-AFA5-43B4-901A-6EFEE3C7B17D}.Debug|Any CPU.Build.0 = Debug|Any CPU
		{3FDCEF08-AFA5-43B4-901A-6EFEE3C7B17D}.Release|Any CPU.ActiveCfg = Release|Any CPU
		{3FDCEF08-AFA5-43B4-901A-6EFEE3C7B17D}.Release|Any CPU.Build.0 = Release|Any CPU
		{1F97033F-FE8A-4BE3-82CC-B1E901A97ABA}.Debug|Any CPU.ActiveCfg = Debug|Any CPU
		{1F97033F-FE8A-4BE3-82CC-B1E901A97ABA}.Debug|Any CPU.Build.0 = Debug|Any CPU
		{1F97033F-FE8A-4BE3-82CC-B1E901A97ABA}.Release|Any CPU.ActiveCfg = Release|Any CPU
		{1F97033F-FE8A-4BE3-82CC-B1E901A97ABA}.Release|Any CPU.Build.0 = Release|Any CPU
		{BCA4C659-EB4D-4098-A063-B3B09244278B}.Debug|Any CPU.ActiveCfg = Debug|Any CPU
		{BCA4C659-EB4D-4098-A063-B3B09244278B}.Debug|Any CPU.Build.0 = Debug|Any CPU
		{BCA4C659-EB4D-4098-A063-B3B09244278B}.Release|Any CPU.ActiveCfg = Release|Any CPU
		{BCA4C659-EB4D-4098-A063-B3B09244278B}.Release|Any CPU.Build.0 = Release|Any CPU
		{7204942E-AE09-497E-8AF4-773F632446C7}.Debug|Any CPU.ActiveCfg = Debug|Any CPU
		{7204942E-AE09-497E-8AF4-773F632446C7}.Debug|Any CPU.Build.0 = Debug|Any CPU
		{7204942E-AE09-497E-8AF4-773F632446C7}.Release|Any CPU.ActiveCfg = Release|Any CPU
		{7204942E-AE09-497E-8AF4-773F632446C7}.Release|Any CPU.Build.0 = Release|Any CPU
		{73B52271-E05C-4485-9555-998D73D4E0F2}.Debug|Any CPU.ActiveCfg = Debug|Any CPU
		{73B52271-E05C-4485-9555-998D73D4E0F2}.Debug|Any CPU.Build.0 = Debug|Any CPU
		{73B52271-E05C-4485-9555-998D73D4E0F2}.Release|Any CPU.ActiveCfg = Release|Any CPU
		{73B52271-E05C-4485-9555-998D73D4E0F2}.Release|Any CPU.Build.0 = Release|Any CPU
		{858C6FBC-76DE-4B4B-9860-DD7927B5AA8A}.Debug|Any CPU.ActiveCfg = Debug|Any CPU
		{858C6FBC-76DE-4B4B-9860-DD7927B5AA8A}.Debug|Any CPU.Build.0 = Debug|Any CPU
		{858C6FBC-76DE-4B4B-9860-DD7927B5AA8A}.Release|Any CPU.ActiveCfg = Release|Any CPU
		{858C6FBC-76DE-4B4B-9860-DD7927B5AA8A}.Release|Any CPU.Build.0 = Release|Any CPU
		{58F33BBA-DDF3-4CA0-A9F8-186D503E386A}.Debug|Any CPU.ActiveCfg = Debug|Any CPU
		{58F33BBA-DDF3-4CA0-A9F8-186D503E386A}.Debug|Any CPU.Build.0 = Debug|Any CPU
		{58F33BBA-DDF3-4CA0-A9F8-186D503E386A}.Release|Any CPU.ActiveCfg = Release|Any CPU
		{58F33BBA-DDF3-4CA0-A9F8-186D503E386A}.Release|Any CPU.Build.0 = Release|Any CPU
		{28803696-AD95-4EEF-A319-6439D9F2497F}.Debug|Any CPU.ActiveCfg = Debug|Any CPU
		{28803696-AD95-4EEF-A319-6439D9F2497F}.Debug|Any CPU.Build.0 = Debug|Any CPU
		{28803696-AD95-4EEF-A319-6439D9F2497F}.Release|Any CPU.ActiveCfg = Release|Any CPU
		{28803696-AD95-4EEF-A319-6439D9F2497F}.Release|Any CPU.Build.0 = Release|Any CPU
		{B90BFC47-1361-4E8E-8EC2-B140D08B8570}.Debug|Any CPU.ActiveCfg = Debug|Any CPU
		{B90BFC47-1361-4E8E-8EC2-B140D08B8570}.Debug|Any CPU.Build.0 = Debug|Any CPU
		{B90BFC47-1361-4E8E-8EC2-B140D08B8570}.Release|Any CPU.ActiveCfg = Release|Any CPU
		{B90BFC47-1361-4E8E-8EC2-B140D08B8570}.Release|Any CPU.Build.0 = Release|Any CPU
	EndGlobalSection
	GlobalSection(SolutionProperties) = preSolution
		HideSolutionNode = FALSE
	EndGlobalSection
	GlobalSection(NestedProjects) = preSolution
		{9B15B574-D951-4869-AD14-3FDAED645FC8} = {177BA4F7-AE2C-47A2-98CB-20185EF32322}
		{63E44689-9641-4685-8182-872C9F91BCF4} = {9B15B574-D951-4869-AD14-3FDAED645FC8}
		{0D9A4138-3B70-410B-8954-B2CB4778C54F} = {9B15B574-D951-4869-AD14-3FDAED645FC8}
		{B3A9670D-9163-41E0-96A4-59EB33D7CA24} = {9B15B574-D951-4869-AD14-3FDAED645FC8}
		{506620E4-99DF-478D-A2B4-6A8C9B30C73D} = {9B15B574-D951-4869-AD14-3FDAED645FC8}
		{DE2C9CFD-C697-44E6-B83B-35937ABA5451} = {177BA4F7-AE2C-47A2-98CB-20185EF32322}
		{452D89D8-DBAD-46BC-8A1E-30DDB4345327} = {DE2C9CFD-C697-44E6-B83B-35937ABA5451}
		{EF91179C-E826-446F-B16A-5F4DE37955D1} = {DE2C9CFD-C697-44E6-B83B-35937ABA5451}
		{F2B955C7-0BDC-4758-B79F-8B132CFF5995} = {DE2C9CFD-C697-44E6-B83B-35937ABA5451}
		{E7BDE8F9-54A7-49FF-9281-0FC697ABE889} = {DE2C9CFD-C697-44E6-B83B-35937ABA5451}
		{BF1E2205-CFA4-414B-9A79-C48EFCBCA106} = {177BA4F7-AE2C-47A2-98CB-20185EF32322}
		{B35FCEEA-5363-4CBE-8E14-91E2A066C8C7} = {BF1E2205-CFA4-414B-9A79-C48EFCBCA106}
		{8730D311-34FD-439D-B582-E54BD900CFC9} = {BF1E2205-CFA4-414B-9A79-C48EFCBCA106}
		{2A157567-6CF4-43C8-857B-7925594CBAD8} = {BF1E2205-CFA4-414B-9A79-C48EFCBCA106}
		{9210CEBE-4C56-408B-8445-1E5C273A066D} = {BF1E2205-CFA4-414B-9A79-C48EFCBCA106}
		{B1D7D342-927D-48E1-977A-6C6F0811A52A} = {177BA4F7-AE2C-47A2-98CB-20185EF32322}
		{205C12DB-EAB6-43A7-887D-D8CF4357AFA9} = {B1D7D342-927D-48E1-977A-6C6F0811A52A}
		{B95A339E-E066-4037-9269-CC7FD7D5F41F} = {177BA4F7-AE2C-47A2-98CB-20185EF32322}
		{1F97033F-FE8A-4BE3-82CC-B1E901A97ABA} = {177BA4F7-AE2C-47A2-98CB-20185EF32322}
		{27C44504-B448-4BA8-AC2F-FFB1D95515EF} = {177BA4F7-AE2C-47A2-98CB-20185EF32322}
		{BCA4C659-EB4D-4098-A063-B3B09244278B} = {27C44504-B448-4BA8-AC2F-FFB1D95515EF}
		{7204942E-AE09-497E-8AF4-773F632446C7} = {27C44504-B448-4BA8-AC2F-FFB1D95515EF}
		{73B52271-E05C-4485-9555-998D73D4E0F2} = {27C44504-B448-4BA8-AC2F-FFB1D95515EF}
		{858C6FBC-76DE-4B4B-9860-DD7927B5AA8A} = {27C44504-B448-4BA8-AC2F-FFB1D95515EF}
		{9A3A2B2C-4C7C-4E47-AAB6-6FB14A9462E9} = {6C47C3C5-D49F-4541-B7E4-33109656F855}
		{8DD4AF78-8A7A-40F5-8CE6-D63930D3511C} = {6C47C3C5-D49F-4541-B7E4-33109656F855}
		{2CD43842-2845-497C-8318-97DFF208C3E3} = {6C47C3C5-D49F-4541-B7E4-33109656F855}
		{AA0B5E2B-534D-4E36-914A-E47E5095D760} = {6C47C3C5-D49F-4541-B7E4-33109656F855}
		{EC2020B6-F129-438D-A1CB-4F9A4D1C581F} = {6C47C3C5-D49F-4541-B7E4-33109656F855}
		{58F33BBA-DDF3-4CA0-A9F8-186D503E386A} = {8DD4AF78-8A7A-40F5-8CE6-D63930D3511C}
		{28803696-AD95-4EEF-A319-6439D9F2497F} = {8DD4AF78-8A7A-40F5-8CE6-D63930D3511C}
		{B90BFC47-1361-4E8E-8EC2-B140D08B8570} = {B95A339E-E066-4037-9269-CC7FD7D5F41F}
	EndGlobalSection
	GlobalSection(ExtensibilityGlobals) = postSolution
		SolutionGuid = {A25A3218-2BA2-42E6-BEA2-9D030730EAFC}
	EndGlobalSection
EndGlobal
